// !$*UTF8*$!
{
	archiveVersion = 1;
	classes = {
	};
	objectVersion = 48;
	objects = {

/* Begin PBXBuildFile section */
		8D26B6F120B080F300521803 /* NoteTableViewDelegate.swift in Sources */ = {isa = PBXBuildFile; fileRef = 8D26B6F020B080F300521803 /* NoteTableViewDelegate.swift */; };
		8D26B6F320B2EEF200521803 /* EditNoteView.swift in Sources */ = {isa = PBXBuildFile; fileRef = 8D26B6F220B2EEF200521803 /* EditNoteView.swift */; };
		8D26B6F520B2EF0100521803 /* EditNoteView.xib in Resources */ = {isa = PBXBuildFile; fileRef = 8D26B6F420B2EF0100521803 /* EditNoteView.xib */; };
		8D2F2F6720A48B4F00A382CE /* NavigatorDelegate.swift in Sources */ = {isa = PBXBuildFile; fileRef = 8D2F2F6620A48B4F00A382CE /* NavigatorDelegate.swift */; };
		8D2F2F7020A490D000A382CE /* SearchViewController.swift in Sources */ = {isa = PBXBuildFile; fileRef = 8D2F2F6E20A490D000A382CE /* SearchViewController.swift */; };
		8D2F2F7120A490D000A382CE /* SearchViewController.xib in Resources */ = {isa = PBXBuildFile; fileRef = 8D2F2F6F20A490D000A382CE /* SearchViewController.xib */; };
		8D2F2F7420A490E200A382CE /* SettingViewController.swift in Sources */ = {isa = PBXBuildFile; fileRef = 8D2F2F7220A490E200A382CE /* SettingViewController.swift */; };
		8D2F2F7520A490E200A382CE /* SettingViewController.xib in Resources */ = {isa = PBXBuildFile; fileRef = 8D2F2F7320A490E200A382CE /* SettingViewController.xib */; };
		8D2F2F7820A490F100A382CE /* ToolViewController.swift in Sources */ = {isa = PBXBuildFile; fileRef = 8D2F2F7620A490F100A382CE /* ToolViewController.swift */; };
		8D2F2F7920A490F100A382CE /* ToolViewController.xib in Resources */ = {isa = PBXBuildFile; fileRef = 8D2F2F7720A490F100A382CE /* ToolViewController.xib */; };
		8D2F2F7E20A4911600A382CE /* MusicLibraryViewController.swift in Sources */ = {isa = PBXBuildFile; fileRef = 8D2F2F7C20A4911600A382CE /* MusicLibraryViewController.swift */; };
		8D2F2F7F20A4911600A382CE /* MusicLibraryViewController.xib in Resources */ = {isa = PBXBuildFile; fileRef = 8D2F2F7D20A4911600A382CE /* MusicLibraryViewController.xib */; };
		8D2F2F8220A4912300A382CE /* MyZoneViewController.swift in Sources */ = {isa = PBXBuildFile; fileRef = 8D2F2F8020A4912300A382CE /* MyZoneViewController.swift */; };
		8D2F2F8320A4912300A382CE /* MyZoneViewController.xib in Resources */ = {isa = PBXBuildFile; fileRef = 8D2F2F8120A4912300A382CE /* MyZoneViewController.xib */; };
		8D4DFB6020A6CBF10017B406 /* NotesModel.swift in Sources */ = {isa = PBXBuildFile; fileRef = 8D4DFB5F20A6CBF10017B406 /* NotesModel.swift */; };
		8D4DFB6220A7BFA60017B406 /* 天空之城.plist in Resources */ = {isa = PBXBuildFile; fileRef = 8D4DFB6120A7BFA60017B406 /* 天空之城.plist */; };
		8D4DFB6420A7C0EB0017B406 /* EditNoteInfo.swift in Sources */ = {isa = PBXBuildFile; fileRef = 8D4DFB6320A7C0EB0017B406 /* EditNoteInfo.swift */; };
		8D4DFB6620A7C61C0017B406 /* DictDataUtil.swift in Sources */ = {isa = PBXBuildFile; fileRef = 8D4DFB6520A7C61C0017B406 /* DictDataUtil.swift */; };
		8D4DFB6820A806520017B406 /* BarSize.swift in Sources */ = {isa = PBXBuildFile; fileRef = 8D4DFB6720A806520017B406 /* BarSize.swift */; };
		8D4DFB6A20A80B530017B406 /* LineSize.swift in Sources */ = {isa = PBXBuildFile; fileRef = 8D4DFB6920A80B530017B406 /* LineSize.swift */; };
		8D4DFB6D20AF0E380017B406 /* GuitarNoteViewController.swift in Sources */ = {isa = PBXBuildFile; fileRef = 8D4DFB6B20AF0E380017B406 /* GuitarNoteViewController.swift */; };
		8D4DFB6E20AF0E380017B406 /* GuitarNoteViewController.xib in Resources */ = {isa = PBXBuildFile; fileRef = 8D4DFB6C20AF0E380017B406 /* GuitarNoteViewController.xib */; };
		8D4DFB7120AF9B080017B406 /* GuitarNoteTableViewCell.swift in Sources */ = {isa = PBXBuildFile; fileRef = 8D4DFB6F20AF9B080017B406 /* GuitarNoteTableViewCell.swift */; };
		8D4DFB7220AF9B080017B406 /* GuitarNoteTableViewCell.xib in Resources */ = {isa = PBXBuildFile; fileRef = 8D4DFB7020AF9B080017B406 /* GuitarNoteTableViewCell.xib */; };
		8D9E826D209C8C52003001D1 /* AppDelegate.swift in Sources */ = {isa = PBXBuildFile; fileRef = 8D9E826C209C8C52003001D1 /* AppDelegate.swift */; };
		8D9E826F209C8C52003001D1 /* ViewController.swift in Sources */ = {isa = PBXBuildFile; fileRef = 8D9E826E209C8C52003001D1 /* ViewController.swift */; };
		8D9E8272209C8C52003001D1 /* Main.storyboard in Resources */ = {isa = PBXBuildFile; fileRef = 8D9E8270209C8C52003001D1 /* Main.storyboard */; };
		8D9E8274209C8C52003001D1 /* Assets.xcassets in Resources */ = {isa = PBXBuildFile; fileRef = 8D9E8273209C8C52003001D1 /* Assets.xcassets */; };
		8D9E8277209C8C52003001D1 /* LaunchScreen.storyboard in Resources */ = {isa = PBXBuildFile; fileRef = 8D9E8275209C8C52003001D1 /* LaunchScreen.storyboard */; };
		8D9E8282209C8C52003001D1 /* test_swiftTests.swift in Sources */ = {isa = PBXBuildFile; fileRef = 8D9E8281209C8C52003001D1 /* test_swiftTests.swift */; };
		8D9E828D209C8C52003001D1 /* test_swiftUITests.swift in Sources */ = {isa = PBXBuildFile; fileRef = 8D9E828C209C8C52003001D1 /* test_swiftUITests.swift */; };
		8D9E829E209C9497003001D1 /* NavigatorTabBar.swift in Sources */ = {isa = PBXBuildFile; fileRef = 8D9E829D209C9497003001D1 /* NavigatorTabBar.swift */; };
		8D9E82A0209C9BC3003001D1 /* NavigatorTabBar.xib in Resources */ = {isa = PBXBuildFile; fileRef = 8D9E829F209C9BC3003001D1 /* NavigatorTabBar.xib */; };
		8D9E82A2209C9BF9003001D1 /* NavigatorView.xib in Resources */ = {isa = PBXBuildFile; fileRef = 8D9E82A1209C9BF9003001D1 /* NavigatorView.xib */; };
		8D9E82A4209C9C0B003001D1 /* NavigatorItem.xib in Resources */ = {isa = PBXBuildFile; fileRef = 8D9E82A3209C9C0B003001D1 /* NavigatorItem.xib */; };
		8D9E82A6209C9C42003001D1 /* NavigatorItem.swift in Sources */ = {isa = PBXBuildFile; fileRef = 8D9E82A5209C9C42003001D1 /* NavigatorItem.swift */; };
		8D9E82A8209C9C5D003001D1 /* NavigatorView.swift in Sources */ = {isa = PBXBuildFile; fileRef = 8D9E82A7209C9C5D003001D1 /* NavigatorView.swift */; };
/* End PBXBuildFile section */

/* Begin PBXContainerItemProxy section */
		8D9E827E209C8C52003001D1 /* PBXContainerItemProxy */ = {
			isa = PBXContainerItemProxy;
			containerPortal = 8D9E8261209C8C52003001D1 /* Project object */;
			proxyType = 1;
			remoteGlobalIDString = 8D9E8268209C8C52003001D1;
			remoteInfo = test_swift;
		};
		8D9E8289209C8C52003001D1 /* PBXContainerItemProxy */ = {
			isa = PBXContainerItemProxy;
			containerPortal = 8D9E8261209C8C52003001D1 /* Project object */;
			proxyType = 1;
			remoteGlobalIDString = 8D9E8268209C8C52003001D1;
			remoteInfo = test_swift;
		};
/* End PBXContainerItemProxy section */

/* Begin PBXFileReference section */
		8D26B6F020B080F300521803 /* NoteTableViewDelegate.swift */ = {isa = PBXFileReference; lastKnownFileType = sourcecode.swift; path = NoteTableViewDelegate.swift; sourceTree = "<group>"; };
		8D26B6F220B2EEF200521803 /* EditNoteView.swift */ = {isa = PBXFileReference; lastKnownFileType = sourcecode.swift; path = EditNoteView.swift; sourceTree = "<group>"; };
		8D26B6F420B2EF0100521803 /* EditNoteView.xib */ = {isa = PBXFileReference; lastKnownFileType = file.xib; path = EditNoteView.xib; sourceTree = "<group>"; };
		8D2F2F6620A48B4F00A382CE /* NavigatorDelegate.swift */ = {isa = PBXFileReference; lastKnownFileType = sourcecode.swift; path = NavigatorDelegate.swift; sourceTree = "<group>"; };
		8D2F2F6E20A490D000A382CE /* SearchViewController.swift */ = {isa = PBXFileReference; lastKnownFileType = sourcecode.swift; path = SearchViewController.swift; sourceTree = "<group>"; };
		8D2F2F6F20A490D000A382CE /* SearchViewController.xib */ = {isa = PBXFileReference; lastKnownFileType = file.xib; path = SearchViewController.xib; sourceTree = "<group>"; };
		8D2F2F7220A490E200A382CE /* SettingViewController.swift */ = {isa = PBXFileReference; lastKnownFileType = sourcecode.swift; path = SettingViewController.swift; sourceTree = "<group>"; };
		8D2F2F7320A490E200A382CE /* SettingViewController.xib */ = {isa = PBXFileReference; lastKnownFileType = file.xib; path = SettingViewController.xib; sourceTree = "<group>"; };
		8D2F2F7620A490F100A382CE /* ToolViewController.swift */ = {isa = PBXFileReference; lastKnownFileType = sourcecode.swift; path = ToolViewController.swift; sourceTree = "<group>"; };
		8D2F2F7720A490F100A382CE /* ToolViewController.xib */ = {isa = PBXFileReference; lastKnownFileType = file.xib; path = ToolViewController.xib; sourceTree = "<group>"; };
		8D2F2F7C20A4911600A382CE /* MusicLibraryViewController.swift */ = {isa = PBXFileReference; lastKnownFileType = sourcecode.swift; path = MusicLibraryViewController.swift; sourceTree = "<group>"; };
		8D2F2F7D20A4911600A382CE /* MusicLibraryViewController.xib */ = {isa = PBXFileReference; lastKnownFileType = file.xib; path = MusicLibraryViewController.xib; sourceTree = "<group>"; };
		8D2F2F8020A4912300A382CE /* MyZoneViewController.swift */ = {isa = PBXFileReference; lastKnownFileType = sourcecode.swift; path = MyZoneViewController.swift; sourceTree = "<group>"; };
		8D2F2F8120A4912300A382CE /* MyZoneViewController.xib */ = {isa = PBXFileReference; lastKnownFileType = file.xib; path = MyZoneViewController.xib; sourceTree = "<group>"; };
		8D4DFB5F20A6CBF10017B406 /* NotesModel.swift */ = {isa = PBXFileReference; lastKnownFileType = sourcecode.swift; path = NotesModel.swift; sourceTree = "<group>"; };
		8D4DFB6120A7BFA60017B406 /* 天空之城.plist */ = {isa = PBXFileReference; fileEncoding = 4; lastKnownFileType = text.plist.xml; path = "天空之城.plist"; sourceTree = "<group>"; };
		8D4DFB6320A7C0EB0017B406 /* EditNoteInfo.swift */ = {isa = PBXFileReference; lastKnownFileType = sourcecode.swift; path = EditNoteInfo.swift; sourceTree = "<group>"; };
		8D4DFB6520A7C61C0017B406 /* DictDataUtil.swift */ = {isa = PBXFileReference; lastKnownFileType = sourcecode.swift; path = DictDataUtil.swift; sourceTree = "<group>"; };
		8D4DFB6720A806520017B406 /* BarSize.swift */ = {isa = PBXFileReference; lastKnownFileType = sourcecode.swift; path = BarSize.swift; sourceTree = "<group>"; };
		8D4DFB6920A80B530017B406 /* LineSize.swift */ = {isa = PBXFileReference; lastKnownFileType = sourcecode.swift; path = LineSize.swift; sourceTree = "<group>"; };
		8D4DFB6B20AF0E380017B406 /* GuitarNoteViewController.swift */ = {isa = PBXFileReference; lastKnownFileType = sourcecode.swift; path = GuitarNoteViewController.swift; sourceTree = "<group>"; };
		8D4DFB6C20AF0E380017B406 /* GuitarNoteViewController.xib */ = {isa = PBXFileReference; lastKnownFileType = file.xib; path = GuitarNoteViewController.xib; sourceTree = "<group>"; };
		8D4DFB6F20AF9B080017B406 /* GuitarNoteTableViewCell.swift */ = {isa = PBXFileReference; lastKnownFileType = sourcecode.swift; path = GuitarNoteTableViewCell.swift; sourceTree = "<group>"; };
		8D4DFB7020AF9B080017B406 /* GuitarNoteTableViewCell.xib */ = {isa = PBXFileReference; lastKnownFileType = file.xib; path = GuitarNoteTableViewCell.xib; sourceTree = "<group>"; };
		8D9E8269209C8C52003001D1 /* test_swift.app */ = {isa = PBXFileReference; explicitFileType = wrapper.application; includeInIndex = 0; path = test_swift.app; sourceTree = BUILT_PRODUCTS_DIR; };
		8D9E826C209C8C52003001D1 /* AppDelegate.swift */ = {isa = PBXFileReference; lastKnownFileType = sourcecode.swift; path = AppDelegate.swift; sourceTree = "<group>"; };
		8D9E826E209C8C52003001D1 /* ViewController.swift */ = {isa = PBXFileReference; lastKnownFileType = sourcecode.swift; path = ViewController.swift; sourceTree = "<group>"; };
		8D9E8271209C8C52003001D1 /* Base */ = {isa = PBXFileReference; lastKnownFileType = file.storyboard; name = Base; path = Base.lproj/Main.storyboard; sourceTree = "<group>"; };
		8D9E8273209C8C52003001D1 /* Assets.xcassets */ = {isa = PBXFileReference; lastKnownFileType = folder.assetcatalog; path = Assets.xcassets; sourceTree = "<group>"; };
		8D9E8276209C8C52003001D1 /* Base */ = {isa = PBXFileReference; lastKnownFileType = file.storyboard; name = Base; path = Base.lproj/LaunchScreen.storyboard; sourceTree = "<group>"; };
		8D9E8278209C8C52003001D1 /* Info.plist */ = {isa = PBXFileReference; lastKnownFileType = text.plist.xml; path = Info.plist; sourceTree = "<group>"; };
		8D9E827D209C8C52003001D1 /* test_swiftTests.xctest */ = {isa = PBXFileReference; explicitFileType = wrapper.cfbundle; includeInIndex = 0; path = test_swiftTests.xctest; sourceTree = BUILT_PRODUCTS_DIR; };
		8D9E8281209C8C52003001D1 /* test_swiftTests.swift */ = {isa = PBXFileReference; lastKnownFileType = sourcecode.swift; path = test_swiftTests.swift; sourceTree = "<group>"; };
		8D9E8283209C8C52003001D1 /* Info.plist */ = {isa = PBXFileReference; lastKnownFileType = text.plist.xml; path = Info.plist; sourceTree = "<group>"; };
		8D9E8288209C8C52003001D1 /* test_swiftUITests.xctest */ = {isa = PBXFileReference; explicitFileType = wrapper.cfbundle; includeInIndex = 0; path = test_swiftUITests.xctest; sourceTree = BUILT_PRODUCTS_DIR; };
		8D9E828C209C8C52003001D1 /* test_swiftUITests.swift */ = {isa = PBXFileReference; lastKnownFileType = sourcecode.swift; path = test_swiftUITests.swift; sourceTree = "<group>"; };
		8D9E828E209C8C52003001D1 /* Info.plist */ = {isa = PBXFileReference; lastKnownFileType = text.plist.xml; path = Info.plist; sourceTree = "<group>"; };
		8D9E829D209C9497003001D1 /* NavigatorTabBar.swift */ = {isa = PBXFileReference; lastKnownFileType = sourcecode.swift; path = NavigatorTabBar.swift; sourceTree = "<group>"; };
		8D9E829F209C9BC3003001D1 /* NavigatorTabBar.xib */ = {isa = PBXFileReference; fileEncoding = 4; lastKnownFileType = file.xib; path = NavigatorTabBar.xib; sourceTree = "<group>"; };
		8D9E82A1209C9BF9003001D1 /* NavigatorView.xib */ = {isa = PBXFileReference; fileEncoding = 4; lastKnownFileType = file.xib; path = NavigatorView.xib; sourceTree = "<group>"; };
		8D9E82A3209C9C0B003001D1 /* NavigatorItem.xib */ = {isa = PBXFileReference; fileEncoding = 4; lastKnownFileType = file.xib; path = NavigatorItem.xib; sourceTree = "<group>"; };
		8D9E82A5209C9C42003001D1 /* NavigatorItem.swift */ = {isa = PBXFileReference; lastKnownFileType = sourcecode.swift; path = NavigatorItem.swift; sourceTree = "<group>"; };
		8D9E82A7209C9C5D003001D1 /* NavigatorView.swift */ = {isa = PBXFileReference; lastKnownFileType = sourcecode.swift; path = NavigatorView.swift; sourceTree = "<group>"; };
/* End PBXFileReference section */

/* Begin PBXFrameworksBuildPhase section */
		8D9E8266209C8C52003001D1 /* Frameworks */ = {
			isa = PBXFrameworksBuildPhase;
			buildActionMask = 2147483647;
			files = (
			);
			runOnlyForDeploymentPostprocessing = 0;
		};
		8D9E827A209C8C52003001D1 /* Frameworks */ = {
			isa = PBXFrameworksBuildPhase;
			buildActionMask = 2147483647;
			files = (
			);
			runOnlyForDeploymentPostprocessing = 0;
		};
		8D9E8285209C8C52003001D1 /* Frameworks */ = {
			isa = PBXFrameworksBuildPhase;
			buildActionMask = 2147483647;
			files = (
			);
			runOnlyForDeploymentPostprocessing = 0;
		};
/* End PBXFrameworksBuildPhase section */

/* Begin PBXGroup section */
		8D2F2F6820A4904100A382CE /* MyZone */ = {
			isa = PBXGroup;
			children = (
				8D2F2F8020A4912300A382CE /* MyZoneViewController.swift */,
				8D2F2F8120A4912300A382CE /* MyZoneViewController.xib */,
				8D4DFB6B20AF0E380017B406 /* GuitarNoteViewController.swift */,
				8D4DFB6C20AF0E380017B406 /* GuitarNoteViewController.xib */,
				8D4DFB6F20AF9B080017B406 /* GuitarNoteTableViewCell.swift */,
				8D4DFB7020AF9B080017B406 /* GuitarNoteTableViewCell.xib */,
				8D26B6F020B080F300521803 /* NoteTableViewDelegate.swift */,
				8D26B6F220B2EEF200521803 /* EditNoteView.swift */,
				8D26B6F420B2EF0100521803 /* EditNoteView.xib */,
			);
			path = MyZone;
			sourceTree = "<group>";
		};
		8D2F2F6920A4905000A382CE /* MusicLibrary */ = {
			isa = PBXGroup;
			children = (
				8D2F2F7C20A4911600A382CE /* MusicLibraryViewController.swift */,
				8D2F2F7D20A4911600A382CE /* MusicLibraryViewController.xib */,
			);
			path = MusicLibrary;
			sourceTree = "<group>";
		};
		8D2F2F6A20A4905C00A382CE /* Tool */ = {
			isa = PBXGroup;
			children = (
				8D2F2F7620A490F100A382CE /* ToolViewController.swift */,
				8D2F2F7720A490F100A382CE /* ToolViewController.xib */,
			);
			path = Tool;
			sourceTree = "<group>";
		};
		8D2F2F6B20A4906B00A382CE /* Setting */ = {
			isa = PBXGroup;
			children = (
				8D2F2F7220A490E200A382CE /* SettingViewController.swift */,
				8D2F2F7320A490E200A382CE /* SettingViewController.xib */,
			);
			path = Setting;
			sourceTree = "<group>";
		};
		8D2F2F6D20A490A000A382CE /* Search */ = {
			isa = PBXGroup;
			children = (
				8D2F2F6E20A490D000A382CE /* SearchViewController.swift */,
				8D2F2F6F20A490D000A382CE /* SearchViewController.xib */,
			);
			path = Search;
			sourceTree = "<group>";
		};
		8D4DFB5E20A6CBD80017B406 /* DataModel */ = {
			isa = PBXGroup;
			children = (
				8D4DFB6120A7BFA60017B406 /* 天空之城.plist */,
				8D4DFB5F20A6CBF10017B406 /* NotesModel.swift */,
				8D4DFB6320A7C0EB0017B406 /* EditNoteInfo.swift */,
				8D4DFB6520A7C61C0017B406 /* DictDataUtil.swift */,
				8D4DFB6720A806520017B406 /* BarSize.swift */,
				8D4DFB6920A80B530017B406 /* LineSize.swift */,
			);
			path = DataModel;
			sourceTree = "<group>";
		};
		8D4DFB7320AFB33B0017B406 /* Utils */ = {
			isa = PBXGroup;
			children = (
			);
			path = Utils;
			sourceTree = "<group>";
		};
		8D9E8260209C8C52003001D1 = {
			isa = PBXGroup;
			children = (
				8D9E826B209C8C52003001D1 /* test_swift */,
				8D9E8280209C8C52003001D1 /* test_swiftTests */,
				8D9E828B209C8C52003001D1 /* test_swiftUITests */,
				8D9E826A209C8C52003001D1 /* Products */,
			);
			sourceTree = "<group>";
		};
		8D9E826A209C8C52003001D1 /* Products */ = {
			isa = PBXGroup;
			children = (
				8D9E8269209C8C52003001D1 /* test_swift.app */,
				8D9E827D209C8C52003001D1 /* test_swiftTests.xctest */,
				8D9E8288209C8C52003001D1 /* test_swiftUITests.xctest */,
			);
			name = Products;
			sourceTree = "<group>";
		};
		8D9E826B209C8C52003001D1 /* test_swift */ = {
			isa = PBXGroup;
			children = (
				8D4DFB7320AFB33B0017B406 /* Utils */,
				8D4DFB5E20A6CBD80017B406 /* DataModel */,
				8D2F2F6D20A490A000A382CE /* Search */,
				8D2F2F6B20A4906B00A382CE /* Setting */,
				8D2F2F6A20A4905C00A382CE /* Tool */,
				8D2F2F6920A4905000A382CE /* MusicLibrary */,
				8D2F2F6820A4904100A382CE /* MyZone */,
				8D9E829A209C922B003001D1 /* 导航栏 */,
				8D9E826C209C8C52003001D1 /* AppDelegate.swift */,
				8D9E826E209C8C52003001D1 /* ViewController.swift */,
				8D9E8270209C8C52003001D1 /* Main.storyboard */,
				8D9E8273209C8C52003001D1 /* Assets.xcassets */,
				8D9E8275209C8C52003001D1 /* LaunchScreen.storyboard */,
				8D9E8278209C8C52003001D1 /* Info.plist */,
			);
			path = test_swift;
			sourceTree = "<group>";
		};
		8D9E8280209C8C52003001D1 /* test_swiftTests */ = {
			isa = PBXGroup;
			children = (
				8D9E8281209C8C52003001D1 /* test_swiftTests.swift */,
				8D9E8283209C8C52003001D1 /* Info.plist */,
			);
			path = test_swiftTests;
			sourceTree = "<group>";
		};
		8D9E828B209C8C52003001D1 /* test_swiftUITests */ = {
			isa = PBXGroup;
			children = (
				8D9E828C209C8C52003001D1 /* test_swiftUITests.swift */,
				8D9E828E209C8C52003001D1 /* Info.plist */,
			);
			path = test_swiftUITests;
			sourceTree = "<group>";
		};
		8D9E829A209C922B003001D1 /* 导航栏 */ = {
			isa = PBXGroup;
			children = (
				8D9E82A3209C9C0B003001D1 /* NavigatorItem.xib */,
				8D9E82A1209C9BF9003001D1 /* NavigatorView.xib */,
				8D9E829F209C9BC3003001D1 /* NavigatorTabBar.xib */,
				8D9E829D209C9497003001D1 /* NavigatorTabBar.swift */,
				8D9E82A5209C9C42003001D1 /* NavigatorItem.swift */,
				8D9E82A7209C9C5D003001D1 /* NavigatorView.swift */,
				8D2F2F6620A48B4F00A382CE /* NavigatorDelegate.swift */,
			);
			path = "导航栏";
			sourceTree = "<group>";
		};
/* End PBXGroup section */

/* Begin PBXNativeTarget section */
		8D9E8268209C8C52003001D1 /* test_swift */ = {
			isa = PBXNativeTarget;
			buildConfigurationList = 8D9E8291209C8C52003001D1 /* Build configuration list for PBXNativeTarget "test_swift" */;
			buildPhases = (
				8D9E8265209C8C52003001D1 /* Sources */,
				8D9E8266209C8C52003001D1 /* Frameworks */,
				8D9E8267209C8C52003001D1 /* Resources */,
			);
			buildRules = (
			);
			dependencies = (
			);
			name = test_swift;
			productName = test_swift;
			productReference = 8D9E8269209C8C52003001D1 /* test_swift.app */;
			productType = "com.apple.product-type.application";
		};
		8D9E827C209C8C52003001D1 /* test_swiftTests */ = {
			isa = PBXNativeTarget;
			buildConfigurationList = 8D9E8294209C8C52003001D1 /* Build configuration list for PBXNativeTarget "test_swiftTests" */;
			buildPhases = (
				8D9E8279209C8C52003001D1 /* Sources */,
				8D9E827A209C8C52003001D1 /* Frameworks */,
				8D9E827B209C8C52003001D1 /* Resources */,
			);
			buildRules = (
			);
			dependencies = (
				8D9E827F209C8C52003001D1 /* PBXTargetDependency */,
			);
			name = test_swiftTests;
			productName = test_swiftTests;
			productReference = 8D9E827D209C8C52003001D1 /* test_swiftTests.xctest */;
			productType = "com.apple.product-type.bundle.unit-test";
		};
		8D9E8287209C8C52003001D1 /* test_swiftUITests */ = {
			isa = PBXNativeTarget;
			buildConfigurationList = 8D9E8297209C8C52003001D1 /* Build configuration list for PBXNativeTarget "test_swiftUITests" */;
			buildPhases = (
				8D9E8284209C8C52003001D1 /* Sources */,
				8D9E8285209C8C52003001D1 /* Frameworks */,
				8D9E8286209C8C52003001D1 /* Resources */,
			);
			buildRules = (
			);
			dependencies = (
				8D9E828A209C8C52003001D1 /* PBXTargetDependency */,
			);
			name = test_swiftUITests;
			productName = test_swiftUITests;
			productReference = 8D9E8288209C8C52003001D1 /* test_swiftUITests.xctest */;
			productType = "com.apple.product-type.bundle.ui-testing";
		};
/* End PBXNativeTarget section */

/* Begin PBXProject section */
		8D9E8261209C8C52003001D1 /* Project object */ = {
			isa = PBXProject;
			attributes = {
				LastSwiftUpdateCheck = 0920;
				LastUpgradeCheck = 0930;
				ORGANIZATIONNAME = "孔令文";
				TargetAttributes = {
					8D9E8268209C8C52003001D1 = {
						CreatedOnToolsVersion = 9.2;
						ProvisioningStyle = Automatic;
					};
					8D9E827C209C8C52003001D1 = {
						CreatedOnToolsVersion = 9.2;
						ProvisioningStyle = Automatic;
						TestTargetID = 8D9E8268209C8C52003001D1;
					};
					8D9E8287209C8C52003001D1 = {
						CreatedOnToolsVersion = 9.2;
						ProvisioningStyle = Automatic;
						TestTargetID = 8D9E8268209C8C52003001D1;
					};
				};
			};
			buildConfigurationList = 8D9E8264209C8C52003001D1 /* Build configuration list for PBXProject "test_swift" */;
			compatibilityVersion = "Xcode 8.0";
			developmentRegion = en;
			hasScannedForEncodings = 0;
			knownRegions = (
				en,
				Base,
			);
			mainGroup = 8D9E8260209C8C52003001D1;
			productRefGroup = 8D9E826A209C8C52003001D1 /* Products */;
			projectDirPath = "";
			projectRoot = "";
			targets = (
				8D9E8268209C8C52003001D1 /* test_swift */,
				8D9E827C209C8C52003001D1 /* test_swiftTests */,
				8D9E8287209C8C52003001D1 /* test_swiftUITests */,
			);
		};
/* End PBXProject section */

/* Begin PBXResourcesBuildPhase section */
		8D9E8267209C8C52003001D1 /* Resources */ = {
			isa = PBXResourcesBuildPhase;
			buildActionMask = 2147483647;
			files = (
				8D4DFB6E20AF0E380017B406 /* GuitarNoteViewController.xib in Resources */,
				8D26B6F520B2EF0100521803 /* EditNoteView.xib in Resources */,
				8D9E8277209C8C52003001D1 /* LaunchScreen.storyboard in Resources */,
				8D9E82A4209C9C0B003001D1 /* NavigatorItem.xib in Resources */,
				8D2F2F7920A490F100A382CE /* ToolViewController.xib in Resources */,
				8D9E8274209C8C52003001D1 /* Assets.xcassets in Resources */,
				8D2F2F8320A4912300A382CE /* MyZoneViewController.xib in Resources */,
				8D2F2F7F20A4911600A382CE /* MusicLibraryViewController.xib in Resources */,
				8D9E82A2209C9BF9003001D1 /* NavigatorView.xib in Resources */,
				8D9E8272209C8C52003001D1 /* Main.storyboard in Resources */,
				8D4DFB7220AF9B080017B406 /* GuitarNoteTableViewCell.xib in Resources */,
				8D4DFB6220A7BFA60017B406 /* 天空之城.plist in Resources */,
				8D9E82A0209C9BC3003001D1 /* NavigatorTabBar.xib in Resources */,
				8D2F2F7120A490D000A382CE /* SearchViewController.xib in Resources */,
				8D2F2F7520A490E200A382CE /* SettingViewController.xib in Resources */,
			);
			runOnlyForDeploymentPostprocessing = 0;
		};
		8D9E827B209C8C52003001D1 /* Resources */ = {
			isa = PBXResourcesBuildPhase;
			buildActionMask = 2147483647;
			files = (
			);
			runOnlyForDeploymentPostprocessing = 0;
		};
		8D9E8286209C8C52003001D1 /* Resources */ = {
			isa = PBXResourcesBuildPhase;
			buildActionMask = 2147483647;
			files = (
			);
			runOnlyForDeploymentPostprocessing = 0;
		};
/* End PBXResourcesBuildPhase section */

/* Begin PBXSourcesBuildPhase section */
		8D9E8265209C8C52003001D1 /* Sources */ = {
			isa = PBXSourcesBuildPhase;
			buildActionMask = 2147483647;
			files = (
				8D4DFB6420A7C0EB0017B406 /* EditNoteInfo.swift in Sources */,
				8D2F2F6720A48B4F00A382CE /* NavigatorDelegate.swift in Sources */,
				8D2F2F7020A490D000A382CE /* SearchViewController.swift in Sources */,
				8D26B6F120B080F300521803 /* NoteTableViewDelegate.swift in Sources */,
				8D9E82A8209C9C5D003001D1 /* NavigatorView.swift in Sources */,
				8D2F2F8220A4912300A382CE /* MyZoneViewController.swift in Sources */,
				8D2F2F7420A490E200A382CE /* SettingViewController.swift in Sources */,
				8D4DFB6020A6CBF10017B406 /* NotesModel.swift in Sources */,
				8D26B6F320B2EEF200521803 /* EditNoteView.swift in Sources */,
				8D2F2F7E20A4911600A382CE /* MusicLibraryViewController.swift in Sources */,
				8D9E82A6209C9C42003001D1 /* NavigatorItem.swift in Sources */,
				8D9E826F209C8C52003001D1 /* ViewController.swift in Sources */,
				8D9E829E209C9497003001D1 /* NavigatorTabBar.swift in Sources */,
				8D2F2F7820A490F100A382CE /* ToolViewController.swift in Sources */,
				8D4DFB6A20A80B530017B406 /* LineSize.swift in Sources */,
				8D4DFB7120AF9B080017B406 /* GuitarNoteTableViewCell.swift in Sources */,
				8D4DFB6D20AF0E380017B406 /* GuitarNoteViewController.swift in Sources */,
				8D9E826D209C8C52003001D1 /* AppDelegate.swift in Sources */,
				8D4DFB6620A7C61C0017B406 /* DictDataUtil.swift in Sources */,
				8D4DFB6820A806520017B406 /* BarSize.swift in Sources */,
			);
			runOnlyForDeploymentPostprocessing = 0;
		};
		8D9E8279209C8C52003001D1 /* Sources */ = {
			isa = PBXSourcesBuildPhase;
			buildActionMask = 2147483647;
			files = (
				8D9E8282209C8C52003001D1 /* test_swiftTests.swift in Sources */,
			);
			runOnlyForDeploymentPostprocessing = 0;
		};
		8D9E8284209C8C52003001D1 /* Sources */ = {
			isa = PBXSourcesBuildPhase;
			buildActionMask = 2147483647;
			files = (
				8D9E828D209C8C52003001D1 /* test_swiftUITests.swift in Sources */,
			);
			runOnlyForDeploymentPostprocessing = 0;
		};
/* End PBXSourcesBuildPhase section */

/* Begin PBXTargetDependency section */
		8D9E827F209C8C52003001D1 /* PBXTargetDependency */ = {
			isa = PBXTargetDependency;
			target = 8D9E8268209C8C52003001D1 /* test_swift */;
			targetProxy = 8D9E827E209C8C52003001D1 /* PBXContainerItemProxy */;
		};
		8D9E828A209C8C52003001D1 /* PBXTargetDependency */ = {
			isa = PBXTargetDependency;
			target = 8D9E8268209C8C52003001D1 /* test_swift */;
			targetProxy = 8D9E8289209C8C52003001D1 /* PBXContainerItemProxy */;
		};
/* End PBXTargetDependency section */

/* Begin PBXVariantGroup section */
		8D9E8270209C8C52003001D1 /* Main.storyboard */ = {
			isa = PBXVariantGroup;
			children = (
				8D9E8271209C8C52003001D1 /* Base */,
			);
			name = Main.storyboard;
			sourceTree = "<group>";
		};
		8D9E8275209C8C52003001D1 /* LaunchScreen.storyboard */ = {
			isa = PBXVariantGroup;
			children = (
				8D9E8276209C8C52003001D1 /* Base */,
			);
			name = LaunchScreen.storyboard;
			sourceTree = "<group>";
		};
/* End PBXVariantGroup section */

/* Begin XCBuildConfiguration section */
		8D9E828F209C8C52003001D1 /* Debug */ = {
			isa = XCBuildConfiguration;
			buildSettings = {
				ALWAYS_SEARCH_USER_PATHS = NO;
				CLANG_ANALYZER_NONNULL = YES;
				CLANG_ANALYZER_NUMBER_OBJECT_CONVERSION = YES_AGGRESSIVE;
				CLANG_CXX_LANGUAGE_STANDARD = "gnu++14";
				CLANG_CXX_LIBRARY = "libc++";
				CLANG_ENABLE_MODULES = YES;
				CLANG_ENABLE_OBJC_ARC = YES;
				CLANG_WARN_BLOCK_CAPTURE_AUTORELEASING = YES;
				CLANG_WARN_BOOL_CONVERSION = YES;
				CLANG_WARN_COMMA = YES;
				CLANG_WARN_CONSTANT_CONVERSION = YES;
				CLANG_WARN_DEPRECATED_OBJC_IMPLEMENTATIONS = YES;
				CLANG_WARN_DIRECT_OBJC_ISA_USAGE = YES_ERROR;
				CLANG_WARN_DOCUMENTATION_COMMENTS = YES;
				CLANG_WARN_EMPTY_BODY = YES;
				CLANG_WARN_ENUM_CONVERSION = YES;
				CLANG_WARN_INFINITE_RECURSION = YES;
				CLANG_WARN_INT_CONVERSION = YES;
				CLANG_WARN_NON_LITERAL_NULL_CONVERSION = YES;
				CLANG_WARN_OBJC_IMPLICIT_RETAIN_SELF = YES;
				CLANG_WARN_OBJC_LITERAL_CONVERSION = YES;
				CLANG_WARN_OBJC_ROOT_CLASS = YES_ERROR;
				CLANG_WARN_RANGE_LOOP_ANALYSIS = YES;
				CLANG_WARN_STRICT_PROTOTYPES = YES;
				CLANG_WARN_SUSPICIOUS_MOVE = YES;
				CLANG_WARN_UNGUARDED_AVAILABILITY = YES_AGGRESSIVE;
				CLANG_WARN_UNREACHABLE_CODE = YES;
				CLANG_WARN__DUPLICATE_METHOD_MATCH = YES;
				CODE_SIGN_IDENTITY = "iPhone Developer";
				COPY_PHASE_STRIP = NO;
				DEBUG_INFORMATION_FORMAT = dwarf;
				ENABLE_STRICT_OBJC_MSGSEND = YES;
				ENABLE_TESTABILITY = YES;
				GCC_C_LANGUAGE_STANDARD = gnu11;
				GCC_DYNAMIC_NO_PIC = NO;
				GCC_NO_COMMON_BLOCKS = YES;
				GCC_OPTIMIZATION_LEVEL = 0;
				GCC_PREPROCESSOR_DEFINITIONS = (
					"DEBUG=1",
					"$(inherited)",
				);
				GCC_WARN_64_TO_32_BIT_CONVERSION = YES;
				GCC_WARN_ABOUT_RETURN_TYPE = YES_ERROR;
				GCC_WARN_UNDECLARED_SELECTOR = YES;
				GCC_WARN_UNINITIALIZED_AUTOS = YES_AGGRESSIVE;
				GCC_WARN_UNUSED_FUNCTION = YES;
				GCC_WARN_UNUSED_VARIABLE = YES;
				IPHONEOS_DEPLOYMENT_TARGET = 11.2;
				MTL_ENABLE_DEBUG_INFO = YES;
				ONLY_ACTIVE_ARCH = YES;
				SDKROOT = iphoneos;
				SWIFT_ACTIVE_COMPILATION_CONDITIONS = DEBUG;
				SWIFT_OPTIMIZATION_LEVEL = "-Onone";
			};
			name = Debug;
		};
		8D9E8290209C8C52003001D1 /* Release */ = {
			isa = XCBuildConfiguration;
			buildSettings = {
				ALWAYS_SEARCH_USER_PATHS = NO;
				CLANG_ANALYZER_NONNULL = YES;
				CLANG_ANALYZER_NUMBER_OBJECT_CONVERSION = YES_AGGRESSIVE;
				CLANG_CXX_LANGUAGE_STANDARD = "gnu++14";
				CLANG_CXX_LIBRARY = "libc++";
				CLANG_ENABLE_MODULES = YES;
				CLANG_ENABLE_OBJC_ARC = YES;
				CLANG_WARN_BLOCK_CAPTURE_AUTORELEASING = YES;
				CLANG_WARN_BOOL_CONVERSION = YES;
				CLANG_WARN_COMMA = YES;
				CLANG_WARN_CONSTANT_CONVERSION = YES;
				CLANG_WARN_DEPRECATED_OBJC_IMPLEMENTATIONS = YES;
				CLANG_WARN_DIRECT_OBJC_ISA_USAGE = YES_ERROR;
				CLANG_WARN_DOCUMENTATION_COMMENTS = YES;
				CLANG_WARN_EMPTY_BODY = YES;
				CLANG_WARN_ENUM_CONVERSION = YES;
				CLANG_WARN_INFINITE_RECURSION = YES;
				CLANG_WARN_INT_CONVERSION = YES;
				CLANG_WARN_NON_LITERAL_NULL_CONVERSION = YES;
				CLANG_WARN_OBJC_IMPLICIT_RETAIN_SELF = YES;
				CLANG_WARN_OBJC_LITERAL_CONVERSION = YES;
				CLANG_WARN_OBJC_ROOT_CLASS = YES_ERROR;
				CLANG_WARN_RANGE_LOOP_ANALYSIS = YES;
				CLANG_WARN_STRICT_PROTOTYPES = YES;
				CLANG_WARN_SUSPICIOUS_MOVE = YES;
				CLANG_WARN_UNGUARDED_AVAILABILITY = YES_AGGRESSIVE;
				CLANG_WARN_UNREACHABLE_CODE = YES;
				CLANG_WARN__DUPLICATE_METHOD_MATCH = YES;
				CODE_SIGN_IDENTITY = "iPhone Developer";
				COPY_PHASE_STRIP = NO;
				DEBUG_INFORMATION_FORMAT = "dwarf-with-dsym";
				ENABLE_NS_ASSERTIONS = NO;
				ENABLE_STRICT_OBJC_MSGSEND = YES;
				GCC_C_LANGUAGE_STANDARD = gnu11;
				GCC_NO_COMMON_BLOCKS = YES;
				GCC_WARN_64_TO_32_BIT_CONVERSION = YES;
				GCC_WARN_ABOUT_RETURN_TYPE = YES_ERROR;
				GCC_WARN_UNDECLARED_SELECTOR = YES;
				GCC_WARN_UNINITIALIZED_AUTOS = YES_AGGRESSIVE;
				GCC_WARN_UNUSED_FUNCTION = YES;
				GCC_WARN_UNUSED_VARIABLE = YES;
				IPHONEOS_DEPLOYMENT_TARGET = 11.2;
				MTL_ENABLE_DEBUG_INFO = NO;
				SDKROOT = iphoneos;
				SWIFT_OPTIMIZATION_LEVEL = "-Owholemodule";
				VALIDATE_PRODUCT = YES;
			};
			name = Release;
		};
		8D9E8292209C8C52003001D1 /* Debug */ = {
			isa = XCBuildConfiguration;
			buildSettings = {
				ASSETCATALOG_COMPILER_APPICON_NAME = AppIcon;
				CODE_SIGN_STYLE = Automatic;
				DEVELOPMENT_TEAM = NVEXHD5WYF;
				INFOPLIST_FILE = test_swift/Info.plist;
				LD_RUNPATH_SEARCH_PATHS = "$(inherited) @executable_path/Frameworks";
				PRODUCT_BUNDLE_IDENTIFIER = "konglingwen.test-swift";
				PRODUCT_NAME = "$(TARGET_NAME)";
				SWIFT_VERSION = 4.0;
				TARGETED_DEVICE_FAMILY = "1,2";
			};
			name = Debug;
		};
		8D9E8293209C8C52003001D1 /* Release */ = {
			isa = XCBuildConfiguration;
			buildSettings = {
				ASSETCATALOG_COMPILER_APPICON_NAME = AppIcon;
				CODE_SIGN_STYLE = Automatic;
				DEVELOPMENT_TEAM = NVEXHD5WYF;
				INFOPLIST_FILE = test_swift/Info.plist;
				LD_RUNPATH_SEARCH_PATHS = "$(inherited) @executable_path/Frameworks";
				PRODUCT_BUNDLE_IDENTIFIER = "konglingwen.test-swift";
				PRODUCT_NAME = "$(TARGET_NAME)";
				SWIFT_VERSION = 4.0;
				TARGETED_DEVICE_FAMILY = "1,2";
			};
			name = Release;
		};
		8D9E8295209C8C52003001D1 /* Debug */ = {
			isa = XCBuildConfiguration;
			buildSettings = {
				ALWAYS_EMBED_SWIFT_STANDARD_LIBRARIES = YES;
				BUNDLE_LOADER = "$(TEST_HOST)";
				CODE_SIGN_STYLE = Automatic;
				DEVELOPMENT_TEAM = NVEXHD5WYF;
				INFOPLIST_FILE = test_swiftTests/Info.plist;
				LD_RUNPATH_SEARCH_PATHS = "$(inherited) @executable_path/Frameworks @loader_path/Frameworks";
				PRODUCT_BUNDLE_IDENTIFIER = "konglingwen.test-swiftTests";
				PRODUCT_NAME = "$(TARGET_NAME)";
				SWIFT_VERSION = 4.0;
				TARGETED_DEVICE_FAMILY = "1,2";
				TEST_HOST = "$(BUILT_PRODUCTS_DIR)/test_swift.app/test_swift";
			};
			name = Debug;
		};
		8D9E8296209C8C52003001D1 /* Release */ = {
			isa = XCBuildConfiguration;
			buildSettings = {
				ALWAYS_EMBED_SWIFT_STANDARD_LIBRARIES = YES;
				BUNDLE_LOADER = "$(TEST_HOST)";
				CODE_SIGN_STYLE = Automatic;
				DEVELOPMENT_TEAM = NVEXHD5WYF;
				INFOPLIST_FILE = test_swiftTests/Info.plist;
				LD_RUNPATH_SEARCH_PATHS = "$(inherited) @executable_path/Frameworks @loader_path/Frameworks";
				PRODUCT_BUNDLE_IDENTIFIER = "konglingwen.test-swiftTests";
				PRODUCT_NAME = "$(TARGET_NAME)";
				SWIFT_VERSION = 4.0;
				TARGETED_DEVICE_FAMILY = "1,2";
				TEST_HOST = "$(BUILT_PRODUCTS_DIR)/test_swift.app/test_swift";
			};
			name = Release;
		};
		8D9E8298209C8C52003001D1 /* Debug */ = {
			isa = XCBuildConfiguration;
			buildSettings = {
				ALWAYS_EMBED_SWIFT_STANDARD_LIBRARIES = YES;
				CODE_SIGN_STYLE = Automatic;
				DEVELOPMENT_TEAM = NVEXHD5WYF;
				INFOPLIST_FILE = test_swiftUITests/Info.plist;
				LD_RUNPATH_SEARCH_PATHS = "$(inherited) @executable_path/Frameworks @loader_path/Frameworks";
				PRODUCT_BUNDLE_IDENTIFIER = "konglingwen.test-swiftUITests";
				PRODUCT_NAME = "$(TARGET_NAME)";
				SWIFT_VERSION = 4.0;
				TARGETED_DEVICE_FAMILY = "1,2";
				TEST_TARGET_NAME = test_swift;
			};
			name = Debug;
		};
		8D9E8299209C8C52003001D1 /* Release */ = {
			isa = XCBuildConfiguration;
			buildSettings = {
				ALWAYS_EMBED_SWIFT_STANDARD_LIBRARIES = YES;
				CODE_SIGN_STYLE = Automatic;
				DEVELOPMENT_TEAM = NVEXHD5WYF;
				INFOPLIST_FILE = test_swiftUITests/Info.plist;
				LD_RUNPATH_SEARCH_PATHS = "$(inherited) @executable_path/Frameworks @loader_path/Frameworks";
				PRODUCT_BUNDLE_IDENTIFIER = "konglingwen.test-swiftUITests";
				PRODUCT_NAME = "$(TARGET_NAME)";
				SWIFT_VERSION = 4.0;
				TARGETED_DEVICE_FAMILY = "1,2";
				TEST_TARGET_NAME = test_swift;
			};
			name = Release;
		};
/* End XCBuildConfiguration section */

/* Begin XCConfigurationList section */
		8D9E8264209C8C52003001D1 /* Build configuration list for PBXProject "test_swift" */ = {
			isa = XCConfigurationList;
			buildConfigurations = (
				8D9E828F209C8C52003001D1 /* Debug */,
				8D9E8290209C8C52003001D1 /* Release */,
			);
			defaultConfigurationIsVisible = 0;
			defaultConfigurationName = Release;
		};
		8D9E8291209C8C52003001D1 /* Build configuration list for PBXNativeTarget "test_swift" */ = {
			isa = XCConfigurationList;
			buildConfigurations = (
				8D9E8292209C8C52003001D1 /* Debug */,
				8D9E8293209C8C52003001D1 /* Release */,
			);
			defaultConfigurationIsVisible = 0;
			defaultConfigurationName = Release;
		};
		8D9E8294209C8C52003001D1 /* Build configuration list for PBXNativeTarget "test_swiftTests" */ = {
			isa = XCConfigurationList;
			buildConfigurations = (
				8D9E8295209C8C52003001D1 /* Debug */,
				8D9E8296209C8C52003001D1 /* Release */,
			);
			defaultConfigurationIsVisible = 0;
			defaultConfigurationName = Release;
		};
		8D9E8297209C8C52003001D1 /* Build configuration list for PBXNativeTarget "test_swiftUITests" */ = {
			isa = XCConfigurationList;
			buildConfigurations = (
				8D9E8298209C8C52003001D1 /* Debug */,
				8D9E8299209C8C52003001D1 /* Release */,
			);
			defaultConfigurationIsVisible = 0;
			defaultConfigurationName = Release;
		};
/* End XCConfigurationList section */
	};
	rootObject = 8D9E8261209C8C52003001D1 /* Project object */;
}
